
Microsoft Visual Studio Solution File, Format Version 12.00
# Visual Studio Version 16
VisualStudioVersion = 16.0.29509.3
MinimumVisualStudioVersion = 10.0.40219.1
Project("{FAE04EC0-301F-11D3-BF4B-00C04F79EFBC}") = "CustomUserControlLibrary", "CustomUserControlLibrary.csproj", "{BEDB4533-7DD0-4659-B1BD-2E0BA749F7ED}"
EndProject
Project("{FAE04EC0-301F-11D3-BF4B-00C04F79EFBC}") = "UnclewebsocketService", "..\UnclewebsocketService\UnclewebsocketService.csproj", "{E3FCA899-4FEB-48E2-ADC7-CC0BB03D2E62}"
EndProject
Global
	GlobalSection(SolutionConfigurationPlatforms) = preSolution
		Debug|Any CPU = Debug|Any CPU
		Release|Any CPU = Release|Any CPU
	EndGlobalSection
	GlobalSection(ProjectConfigurationPlatforms) = postSolution
		{BEDB4533-7DD0-4659-B1BD-2E0BA749F7ED}.Debug|Any CPU.ActiveCfg = Debug|Any CPU
		{BEDB4533-7DD0-4659-B1BD-2E0BA749F7ED}.Debug|Any CPU.Build.0 = Debug|Any CPU
		{BEDB4533-7DD0-4659-B1BD-2E0BA749F7ED}.Release|Any CPU.ActiveCfg = Release|Any CPU
		{BEDB4533-7DD0-4659-B1BD-2E0BA749F7ED}.Release|Any CPU.Build.0 = Release|Any CPU
		{E3FCA899-4FEB-48E2-ADC7-CC0BB03D2E62}.Debug|Any CPU.ActiveCfg = Debug|Any CPU
		{E3FCA899-4FEB-48E2-ADC7-CC0BB03D2E62}.Debug|Any CPU.Build.0 = Debug|Any CPU
		{E3FCA899-4FEB-48E2-ADC7-CC0BB03D2E62}.Release|Any CPU.ActiveCfg = Release|Any CPU
		{E3FCA899-4FEB-48E2-ADC7-CC0BB03D2E62}.Release|Any CPU.Build.0 = Release|Any CPU
	EndGlobalSection
	GlobalSection(SolutionProperties) = preSolution
		HideSolutionNode = FALSE
	EndGlobalSection
	GlobalSection(ExtensibilityGlobals) = postSolution
		SolutionGuid = {3CF30D63-2344-4ED1-8722-7E146B32289B}
	EndGlobalSection
EndGlobal
